
Microsoft Visual Studio Solution File, Format Version 12.00
# Visual Studio Version 17
VisualStudioVersion = 17.4.33122.133
MinimumVisualStudioVersion = 10.0.40219.1
Project("{FAE04EC0-301F-11D3-BF4B-00C04F79EFBC}") = "src\Biplov.EventBus", "src\Biplov.EventBus.csproj", "{17C04380-DB07-41D7-B537-33958D1D9F12}"
EndProject
Global
	GlobalSection(SolutionConfigurationPlatforms) = preSolution
		Debug|Any CPU = Debug|Any CPU
		Release|Any CPU = Release|Any CPU
	EndGlobalSection
	GlobalSection(ProjectConfigurationPlatforms) = postSolution
		{17C04380-DB07-41D7-B537-33958D1D9F12}.Debug|Any CPU.ActiveCfg = Debug|Any CPU
		{17C04380-DB07-41D7-B537-33958D1D9F12}.Debug|Any CPU.Build.0 = Debug|Any CPU
		{17C04380-DB07-41D7-B537-33958D1D9F12}.Release|Any CPU.ActiveCfg = Release|Any CPU
		{17C04380-DB07-41D7-B537-33958D1D9F12}.Release|Any CPU.Build.0 = Release|Any CPU
	EndGlobalSection
	GlobalSection(SolutionProperties) = preSolution
		HideSolutionNode = FALSE
	EndGlobalSection
	GlobalSection(ExtensibilityGlobals) = postSolution
		SolutionGuid = {1FF6AF6E-F456-4FBD-A07A-CE35E20F7275}
	EndGlobalSection
EndGlobal
